// !$*UTF8*$!
{
	archiveVersion = 1;
	classes = {
	};
	objectVersion = 50;
	objects = {

/* Begin PBXBuildFile section */
		8C19ED9C238010A3008D5ECB /* AppDelegate.swift in Sources */ = {isa = PBXBuildFile; fileRef = 8C19ED9B238010A3008D5ECB /* AppDelegate.swift */; };
		8C19ED9E238010A3008D5ECB /* SceneDelegate.swift in Sources */ = {isa = PBXBuildFile; fileRef = 8C19ED9D238010A3008D5ECB /* SceneDelegate.swift */; };
		8C19EDA0238010A3008D5ECB /* ViewController.swift in Sources */ = {isa = PBXBuildFile; fileRef = 8C19ED9F238010A3008D5ECB /* ViewController.swift */; };
		8C19EDA3238010A3008D5ECB /* Main.storyboard in Resources */ = {isa = PBXBuildFile; fileRef = 8C19EDA1238010A3008D5ECB /* Main.storyboard */; };
		8C19EDA5238010A6008D5ECB /* Assets.xcassets in Resources */ = {isa = PBXBuildFile; fileRef = 8C19EDA4238010A6008D5ECB /* Assets.xcassets */; };
		8C19EDA8238010A6008D5ECB /* LaunchScreen.storyboard in Resources */ = {isa = PBXBuildFile; fileRef = 8C19EDA6238010A6008D5ECB /* LaunchScreen.storyboard */; };
		8C30964A238158EB001107BF /* UIViewController+Extensions.swift in Sources */ = {isa = PBXBuildFile; fileRef = 8C309649238158EB001107BF /* UIViewController+Extensions.swift */; };
		8C30964C23815C99001107BF /* ViewTESTETEST.xib in Resources */ = {isa = PBXBuildFile; fileRef = 8C30964B23815C99001107BF /* ViewTESTETEST.xib */; };
		8C30964E238177C6001107BF /* LNDCoachmarkHandlerViewViewModel.swift in Sources */ = {isa = PBXBuildFile; fileRef = 8C30964D238177C6001107BF /* LNDCoachmarkHandlerViewViewModel.swift */; };
		8C30965023817CBF001107BF /* CGRect+Extensions.swift in Sources */ = {isa = PBXBuildFile; fileRef = 8C30964F23817CBF001107BF /* CGRect+Extensions.swift */; };
		8C309655238191ED001107BF /* LNDLabel.swift in Sources */ = {isa = PBXBuildFile; fileRef = 8C309654238191ED001107BF /* LNDLabel.swift */; };
		8CB9722B2380159400C8DEC2 /* LNDBaseViewController.swift in Sources */ = {isa = PBXBuildFile; fileRef = 8CB9722A2380159400C8DEC2 /* LNDBaseViewController.swift */; };
		8CB9722D238015BA00C8DEC2 /* LNDBaseView.swift in Sources */ = {isa = PBXBuildFile; fileRef = 8CB9722C238015BA00C8DEC2 /* LNDBaseView.swift */; };
		8CB972312380168E00C8DEC2 /* LNDTabBar.swift in Sources */ = {isa = PBXBuildFile; fileRef = 8CB972302380168E00C8DEC2 /* LNDTabBar.swift */; };
		8CB9723423801C0800C8DEC2 /* SecondViewController.swift in Sources */ = {isa = PBXBuildFile; fileRef = 8CB9723323801C0800C8DEC2 /* SecondViewController.swift */; };
		8CB9723623801C2A00C8DEC2 /* MainTabBarViewController.swift in Sources */ = {isa = PBXBuildFile; fileRef = 8CB9723523801C2A00C8DEC2 /* MainTabBarViewController.swift */; };
		8CB9723823801E8500C8DEC2 /* LNDCoachmarkHandlerViewController.swift in Sources */ = {isa = PBXBuildFile; fileRef = 8CB9723723801E8500C8DEC2 /* LNDCoachmarkHandlerViewController.swift */; };
		8CB9723A23802AE900C8DEC2 /* LNDTabBarItem.swift in Sources */ = {isa = PBXBuildFile; fileRef = 8CB9723923802AE900C8DEC2 /* LNDTabBarItem.swift */; };
		8CB9723D23802FCC00C8DEC2 /* UIView+Extensions.swift in Sources */ = {isa = PBXBuildFile; fileRef = 8CB9723C23802FCC00C8DEC2 /* UIView+Extensions.swift */; };
		8CFE5D9123805F5A00CAB20E /* LNDCoachmarkOverlayView.swift in Sources */ = {isa = PBXBuildFile; fileRef = 8CFE5D9023805F5A00CAB20E /* LNDCoachmarkOverlayView.swift */; };
/* End PBXBuildFile section */

/* Begin PBXFileReference section */
		8C19ED98238010A3008D5ECB /* Lanimation.app */ = {isa = PBXFileReference; explicitFileType = wrapper.application; includeInIndex = 0; path = Lanimation.app; sourceTree = BUILT_PRODUCTS_DIR; };
		8C19ED9B238010A3008D5ECB /* AppDelegate.swift */ = {isa = PBXFileReference; lastKnownFileType = sourcecode.swift; path = AppDelegate.swift; sourceTree = "<group>"; };
		8C19ED9D238010A3008D5ECB /* SceneDelegate.swift */ = {isa = PBXFileReference; lastKnownFileType = sourcecode.swift; path = SceneDelegate.swift; sourceTree = "<group>"; };
		8C19ED9F238010A3008D5ECB /* ViewController.swift */ = {isa = PBXFileReference; lastKnownFileType = sourcecode.swift; path = ViewController.swift; sourceTree = "<group>"; };
		8C19EDA2238010A3008D5ECB /* Base */ = {isa = PBXFileReference; lastKnownFileType = file.storyboard; name = Base; path = Base.lproj/Main.storyboard; sourceTree = "<group>"; };
		8C19EDA4238010A6008D5ECB /* Assets.xcassets */ = {isa = PBXFileReference; lastKnownFileType = folder.assetcatalog; path = Assets.xcassets; sourceTree = "<group>"; };
		8C19EDA7238010A6008D5ECB /* Base */ = {isa = PBXFileReference; lastKnownFileType = file.storyboard; name = Base; path = Base.lproj/LaunchScreen.storyboard; sourceTree = "<group>"; };
		8C19EDA9238010A6008D5ECB /* Info.plist */ = {isa = PBXFileReference; lastKnownFileType = text.plist.xml; path = Info.plist; sourceTree = "<group>"; };
		8C309649238158EB001107BF /* UIViewController+Extensions.swift */ = {isa = PBXFileReference; lastKnownFileType = sourcecode.swift; path = "UIViewController+Extensions.swift"; sourceTree = "<group>"; };
		8C30964B23815C99001107BF /* ViewTESTETEST.xib */ = {isa = PBXFileReference; fileEncoding = 4; lastKnownFileType = file.xib; path = ViewTESTETEST.xib; sourceTree = "<group>"; };
		8C30964D238177C6001107BF /* LNDCoachmarkHandlerViewViewModel.swift */ = {isa = PBXFileReference; lastKnownFileType = sourcecode.swift; path = LNDCoachmarkHandlerViewViewModel.swift; sourceTree = "<group>"; };
		8C30964F23817CBF001107BF /* CGRect+Extensions.swift */ = {isa = PBXFileReference; lastKnownFileType = sourcecode.swift; path = "CGRect+Extensions.swift"; sourceTree = "<group>"; };
		8C309654238191ED001107BF /* LNDLabel.swift */ = {isa = PBXFileReference; lastKnownFileType = sourcecode.swift; path = LNDLabel.swift; sourceTree = "<group>"; };
		8CB9722A2380159400C8DEC2 /* LNDBaseViewController.swift */ = {isa = PBXFileReference; lastKnownFileType = sourcecode.swift; path = LNDBaseViewController.swift; sourceTree = "<group>"; };
		8CB9722C238015BA00C8DEC2 /* LNDBaseView.swift */ = {isa = PBXFileReference; lastKnownFileType = sourcecode.swift; path = LNDBaseView.swift; sourceTree = "<group>"; };
		8CB972302380168E00C8DEC2 /* LNDTabBar.swift */ = {isa = PBXFileReference; lastKnownFileType = sourcecode.swift; path = LNDTabBar.swift; sourceTree = "<group>"; };
		8CB9723323801C0800C8DEC2 /* SecondViewController.swift */ = {isa = PBXFileReference; lastKnownFileType = sourcecode.swift; path = SecondViewController.swift; sourceTree = "<group>"; };
		8CB9723523801C2A00C8DEC2 /* MainTabBarViewController.swift */ = {isa = PBXFileReference; lastKnownFileType = sourcecode.swift; path = MainTabBarViewController.swift; sourceTree = "<group>"; };
		8CB9723723801E8500C8DEC2 /* LNDCoachmarkHandlerViewController.swift */ = {isa = PBXFileReference; lastKnownFileType = sourcecode.swift; path = LNDCoachmarkHandlerViewController.swift; sourceTree = "<group>"; };
		8CB9723923802AE900C8DEC2 /* LNDTabBarItem.swift */ = {isa = PBXFileReference; lastKnownFileType = sourcecode.swift; path = LNDTabBarItem.swift; sourceTree = "<group>"; };
		8CB9723C23802FCC00C8DEC2 /* UIView+Extensions.swift */ = {isa = PBXFileReference; lastKnownFileType = sourcecode.swift; path = "UIView+Extensions.swift"; sourceTree = "<group>"; };
		8CFE5D9023805F5A00CAB20E /* LNDCoachmarkOverlayView.swift */ = {isa = PBXFileReference; lastKnownFileType = sourcecode.swift; path = LNDCoachmarkOverlayView.swift; sourceTree = "<group>"; };
/* End PBXFileReference section */

/* Begin PBXFrameworksBuildPhase section */
		8C19ED95238010A3008D5ECB /* Frameworks */ = {
			isa = PBXFrameworksBuildPhase;
			buildActionMask = 2147483647;
			files = (
			);
			runOnlyForDeploymentPostprocessing = 0;
		};
/* End PBXFrameworksBuildPhase section */

/* Begin PBXGroup section */
		8C19ED8F238010A3008D5ECB = {
			isa = PBXGroup;
			children = (
				8C19ED9A238010A3008D5ECB /* Lanimation */,
				8C19ED99238010A3008D5ECB /* Products */,
			);
			sourceTree = "<group>";
		};
		8C19ED99238010A3008D5ECB /* Products */ = {
			isa = PBXGroup;
			children = (
				8C19ED98238010A3008D5ECB /* Lanimation.app */,
			);
			name = Products;
			sourceTree = "<group>";
		};
		8C19ED9A238010A3008D5ECB /* Lanimation */ = {
			isa = PBXGroup;
			children = (
				8C19EDB2238013E9008D5ECB /* Scenes */,
				8C19EDB1238013E3008D5ECB /* Supporting Files */,
				8C19EDB0238013D9008D5ECB /* Resources */,
				8C19EDAF238013D0008D5ECB /* Application Delegates */,
			);
			path = Lanimation;
			sourceTree = "<group>";
		};
		8C19EDAF238013D0008D5ECB /* Application Delegates */ = {
			isa = PBXGroup;
			children = (
				8C19ED9B238010A3008D5ECB /* AppDelegate.swift */,
				8C19ED9D238010A3008D5ECB /* SceneDelegate.swift */,
			);
			path = "Application Delegates";
			sourceTree = "<group>";
		};
		8C19EDB0238013D9008D5ECB /* Resources */ = {
			isa = PBXGroup;
			children = (
				8C19EDA4238010A6008D5ECB /* Assets.xcassets */,
			);
			path = Resources;
			sourceTree = "<group>";
		};
		8C19EDB1238013E3008D5ECB /* Supporting Files */ = {
			isa = PBXGroup;
			children = (
				8C19EDA9238010A6008D5ECB /* Info.plist */,
			);
			path = "Supporting Files";
			sourceTree = "<group>";
		};
		8C19EDB2238013E9008D5ECB /* Scenes */ = {
			isa = PBXGroup;
			children = (
				8C19EDB623801428008D5ECB /* Storyboards */,
				8C19EDB523801419008D5ECB /* Main */,
				8C19EDB3238013EF008D5ECB /* Shared */,
			);
			path = Scenes;
			sourceTree = "<group>";
		};
		8C19EDB3238013EF008D5ECB /* Shared */ = {
			isa = PBXGroup;
			children = (
				8CFE5D8F23805F3D00CAB20E /* Views */,
				8CB9723B23802FB900C8DEC2 /* Extensions */,
				8CB9723223801BE300C8DEC2 /* Coachmark */,
				8C19EDB4238013FB008D5ECB /* Tab Bar */,
				8CB9722A2380159400C8DEC2 /* LNDBaseViewController.swift */,
				8CB9722C238015BA00C8DEC2 /* LNDBaseView.swift */,
			);
			path = Shared;
			sourceTree = "<group>";
		};
		8C19EDB4238013FB008D5ECB /* Tab Bar */ = {
			isa = PBXGroup;
			children = (
				8C30964B23815C99001107BF /* ViewTESTETEST.xib */,
				8CB972302380168E00C8DEC2 /* LNDTabBar.swift */,
				8CB9723923802AE900C8DEC2 /* LNDTabBarItem.swift */,
			);
			path = "Tab Bar";
			sourceTree = "<group>";
		};
		8C19EDB523801419008D5ECB /* Main */ = {
			isa = PBXGroup;
			children = (
				8C19ED9F238010A3008D5ECB /* ViewController.swift */,
				8CB9723323801C0800C8DEC2 /* SecondViewController.swift */,
				8CB9723523801C2A00C8DEC2 /* MainTabBarViewController.swift */,
			);
			path = Main;
			sourceTree = "<group>";
		};
		8C19EDB623801428008D5ECB /* Storyboards */ = {
			isa = PBXGroup;
			children = (
				8C19EDA1238010A3008D5ECB /* Main.storyboard */,
				8C19EDA6238010A6008D5ECB /* LaunchScreen.storyboard */,
			);
			path = Storyboards;
			sourceTree = "<group>";
		};
		8C309653238191DD001107BF /* Label */ = {
			isa = PBXGroup;
			children = (
				8C309654238191ED001107BF /* LNDLabel.swift */,
			);
			path = Label;
			sourceTree = "<group>";
		};
		8CB9723223801BE300C8DEC2 /* Coachmark */ = {
			isa = PBXGroup;
			children = (
				8CB9723723801E8500C8DEC2 /* LNDCoachmarkHandlerViewController.swift */,
				8C30964D238177C6001107BF /* LNDCoachmarkHandlerViewViewModel.swift */,
			);
			path = Coachmark;
			sourceTree = "<group>";
		};
		8CB9723B23802FB900C8DEC2 /* Extensions */ = {
			isa = PBXGroup;
			children = (
				8CB9723C23802FCC00C8DEC2 /* UIView+Extensions.swift */,
				8C309649238158EB001107BF /* UIViewController+Extensions.swift */,
				8C30964F23817CBF001107BF /* CGRect+Extensions.swift */,
			);
			path = Extensions;
			sourceTree = "<group>";
		};
		8CFE5D8F23805F3D00CAB20E /* Views */ = {
			isa = PBXGroup;
			children = (
				8C309653238191DD001107BF /* Label */,
				8CFE5D9023805F5A00CAB20E /* LNDCoachmarkOverlayView.swift */,
			);
			path = Views;
			sourceTree = "<group>";
		};
/* End PBXGroup section */

/* Begin PBXNativeTarget section */
		8C19ED97238010A3008D5ECB /* Lanimation */ = {
			isa = PBXNativeTarget;
			buildConfigurationList = 8C19EDAC238010A6008D5ECB /* Build configuration list for PBXNativeTarget "Lanimation" */;
			buildPhases = (
				8C19ED94238010A3008D5ECB /* Sources */,
				8C19ED95238010A3008D5ECB /* Frameworks */,
				8C19ED96238010A3008D5ECB /* Resources */,
			);
			buildRules = (
			);
			dependencies = (
			);
			name = Lanimation;
			productName = Lanimation;
			productReference = 8C19ED98238010A3008D5ECB /* Lanimation.app */;
			productType = "com.apple.product-type.application";
		};
/* End PBXNativeTarget section */

/* Begin PBXProject section */
		8C19ED90238010A3008D5ECB /* Project object */ = {
			isa = PBXProject;
			attributes = {
				LastSwiftUpdateCheck = 1120;
				LastUpgradeCheck = 1120;
				ORGANIZATIONNAME = miguelalc;
				TargetAttributes = {
					8C19ED97238010A3008D5ECB = {
						CreatedOnToolsVersion = 11.2.1;
					};
				};
			};
			buildConfigurationList = 8C19ED93238010A3008D5ECB /* Build configuration list for PBXProject "Lanimation" */;
			compatibilityVersion = "Xcode 9.3";
			developmentRegion = en;
			hasScannedForEncodings = 0;
			knownRegions = (
				en,
				Base,
			);
			mainGroup = 8C19ED8F238010A3008D5ECB;
			productRefGroup = 8C19ED99238010A3008D5ECB /* Products */;
			projectDirPath = "";
			projectRoot = "";
			targets = (
				8C19ED97238010A3008D5ECB /* Lanimation */,
			);
		};
/* End PBXProject section */

/* Begin PBXResourcesBuildPhase section */
		8C19ED96238010A3008D5ECB /* Resources */ = {
			isa = PBXResourcesBuildPhase;
			buildActionMask = 2147483647;
			files = (
				8C30964C23815C99001107BF /* ViewTESTETEST.xib in Resources */,
				8C19EDA8238010A6008D5ECB /* LaunchScreen.storyboard in Resources */,
				8C19EDA5238010A6008D5ECB /* Assets.xcassets in Resources */,
				8C19EDA3238010A3008D5ECB /* Main.storyboard in Resources */,
			);
			runOnlyForDeploymentPostprocessing = 0;
		};
/* End PBXResourcesBuildPhase section */

/* Begin PBXSourcesBuildPhase section */
		8C19ED94238010A3008D5ECB /* Sources */ = {
			isa = PBXSourcesBuildPhase;
			buildActionMask = 2147483647;
			files = (
				8CB972312380168E00C8DEC2 /* LNDTabBar.swift in Sources */,
				8CB9723823801E8500C8DEC2 /* LNDCoachmarkHandlerViewController.swift in Sources */,
				8C30964A238158EB001107BF /* UIViewController+Extensions.swift in Sources */,
				8C30964E238177C6001107BF /* LNDCoachmarkHandlerViewViewModel.swift in Sources */,
				8C30965023817CBF001107BF /* CGRect+Extensions.swift in Sources */,
				8CB9723623801C2A00C8DEC2 /* MainTabBarViewController.swift in Sources */,
				8CB9723A23802AE900C8DEC2 /* LNDTabBarItem.swift in Sources */,
				8C19EDA0238010A3008D5ECB /* ViewController.swift in Sources */,
				8CB9722B2380159400C8DEC2 /* LNDBaseViewController.swift in Sources */,
				8CB9722D238015BA00C8DEC2 /* LNDBaseView.swift in Sources */,
				8CB9723423801C0800C8DEC2 /* SecondViewController.swift in Sources */,
				8C19ED9C238010A3008D5ECB /* AppDelegate.swift in Sources */,
				8C309655238191ED001107BF /* LNDLabel.swift in Sources */,
				8C19ED9E238010A3008D5ECB /* SceneDelegate.swift in Sources */,
				8CB9723D23802FCC00C8DEC2 /* UIView+Extensions.swift in Sources */,
				8CFE5D9123805F5A00CAB20E /* LNDCoachmarkOverlayView.swift in Sources */,
			);
			runOnlyForDeploymentPostprocessing = 0;
		};
/* End PBXSourcesBuildPhase section */

/* Begin PBXVariantGroup section */
		8C19EDA1238010A3008D5ECB /* Main.storyboard */ = {
			isa = PBXVariantGroup;
			children = (
				8C19EDA2238010A3008D5ECB /* Base */,
			);
			name = Main.storyboard;
			sourceTree = "<group>";
		};
		8C19EDA6238010A6008D5ECB /* LaunchScreen.storyboard */ = {
			isa = PBXVariantGroup;
			children = (
				8C19EDA7238010A6008D5ECB /* Base */,
			);
			name = LaunchScreen.storyboard;
			sourceTree = "<group>";
		};
/* End PBXVariantGroup section */

/* Begin XCBuildConfiguration section */
		8C19EDAA238010A6008D5ECB /* Debug */ = {
			isa = XCBuildConfiguration;
			buildSettings = {
				ALWAYS_SEARCH_USER_PATHS = NO;
				CLANG_ANALYZER_NONNULL = YES;
				CLANG_ANALYZER_NUMBER_OBJECT_CONVERSION = YES_AGGRESSIVE;
				CLANG_CXX_LANGUAGE_STANDARD = "gnu++14";
				CLANG_CXX_LIBRARY = "libc++";
				CLANG_ENABLE_MODULES = YES;
				CLANG_ENABLE_OBJC_ARC = YES;
				CLANG_ENABLE_OBJC_WEAK = YES;
				CLANG_WARN_BLOCK_CAPTURE_AUTORELEASING = YES;
				CLANG_WARN_BOOL_CONVERSION = YES;
				CLANG_WARN_COMMA = YES;
				CLANG_WARN_CONSTANT_CONVERSION = YES;
				CLANG_WARN_DEPRECATED_OBJC_IMPLEMENTATIONS = YES;
				CLANG_WARN_DIRECT_OBJC_ISA_USAGE = YES_ERROR;
				CLANG_WARN_DOCUMENTATION_COMMENTS = YES;
				CLANG_WARN_EMPTY_BODY = YES;
				CLANG_WARN_ENUM_CONVERSION = YES;
				CLANG_WARN_INFINITE_RECURSION = YES;
				CLANG_WARN_INT_CONVERSION = YES;
				CLANG_WARN_NON_LITERAL_NULL_CONVERSION = YES;
				CLANG_WARN_OBJC_IMPLICIT_RETAIN_SELF = YES;
				CLANG_WARN_OBJC_LITERAL_CONVERSION = YES;
				CLANG_WARN_OBJC_ROOT_CLASS = YES_ERROR;
				CLANG_WARN_RANGE_LOOP_ANALYSIS = YES;
				CLANG_WARN_STRICT_PROTOTYPES = YES;
				CLANG_WARN_SUSPICIOUS_MOVE = YES;
				CLANG_WARN_UNGUARDED_AVAILABILITY = YES_AGGRESSIVE;
				CLANG_WARN_UNREACHABLE_CODE = YES;
				CLANG_WARN__DUPLICATE_METHOD_MATCH = YES;
				COPY_PHASE_STRIP = NO;
				DEBUG_INFORMATION_FORMAT = dwarf;
				ENABLE_STRICT_OBJC_MSGSEND = YES;
				ENABLE_TESTABILITY = YES;
				GCC_C_LANGUAGE_STANDARD = gnu11;
				GCC_DYNAMIC_NO_PIC = NO;
				GCC_NO_COMMON_BLOCKS = YES;
				GCC_OPTIMIZATION_LEVEL = 0;
				GCC_PREPROCESSOR_DEFINITIONS = (
					"DEBUG=1",
					"$(inherited)",
				);
				GCC_WARN_64_TO_32_BIT_CONVERSION = YES;
				GCC_WARN_ABOUT_RETURN_TYPE = YES_ERROR;
				GCC_WARN_UNDECLARED_SELECTOR = YES;
				GCC_WARN_UNINITIALIZED_AUTOS = YES_AGGRESSIVE;
				GCC_WARN_UNUSED_FUNCTION = YES;
				GCC_WARN_UNUSED_VARIABLE = YES;
				IPHONEOS_DEPLOYMENT_TARGET = 13.2;
				MTL_ENABLE_DEBUG_INFO = INCLUDE_SOURCE;
				MTL_FAST_MATH = YES;
				ONLY_ACTIVE_ARCH = YES;
				SDKROOT = iphoneos;
				SWIFT_ACTIVE_COMPILATION_CONDITIONS = DEBUG;
				SWIFT_OPTIMIZATION_LEVEL = "-Onone";
			};
			name = Debug;
		};
		8C19EDAB238010A6008D5ECB /* Release */ = {
			isa = XCBuildConfiguration;
			buildSettings = {
				ALWAYS_SEARCH_USER_PATHS = NO;
				CLANG_ANALYZER_NONNULL = YES;
				CLANG_ANALYZER_NUMBER_OBJECT_CONVERSION = YES_AGGRESSIVE;
				CLANG_CXX_LANGUAGE_STANDARD = "gnu++14";
				CLANG_CXX_LIBRARY = "libc++";
				CLANG_ENABLE_MODULES = YES;
				CLANG_ENABLE_OBJC_ARC = YES;
				CLANG_ENABLE_OBJC_WEAK = YES;
				CLANG_WARN_BLOCK_CAPTURE_AUTORELEASING = YES;
				CLANG_WARN_BOOL_CONVERSION = YES;
				CLANG_WARN_COMMA = YES;
				CLANG_WARN_CONSTANT_CONVERSION = YES;
				CLANG_WARN_DEPRECATED_OBJC_IMPLEMENTATIONS = YES;
				CLANG_WARN_DIRECT_OBJC_ISA_USAGE = YES_ERROR;
				CLANG_WARN_DOCUMENTATION_COMMENTS = YES;
				CLANG_WARN_EMPTY_BODY = YES;
				CLANG_WARN_ENUM_CONVERSION = YES;
				CLANG_WARN_INFINITE_RECURSION = YES;
				CLANG_WARN_INT_CONVERSION = YES;
				CLANG_WARN_NON_LITERAL_NULL_CONVERSION = YES;
				CLANG_WARN_OBJC_IMPLICIT_RETAIN_SELF = YES;
				CLANG_WARN_OBJC_LITERAL_CONVERSION = YES;
				CLANG_WARN_OBJC_ROOT_CLASS = YES_ERROR;
				CLANG_WARN_RANGE_LOOP_ANALYSIS = YES;
				CLANG_WARN_STRICT_PROTOTYPES = YES;
				CLANG_WARN_SUSPICIOUS_MOVE = YES;
				CLANG_WARN_UNGUARDED_AVAILABILITY = YES_AGGRESSIVE;
				CLANG_WARN_UNREACHABLE_CODE = YES;
				CLANG_WARN__DUPLICATE_METHOD_MATCH = YES;
				COPY_PHASE_STRIP = NO;
				DEBUG_INFORMATION_FORMAT = "dwarf-with-dsym";
				ENABLE_NS_ASSERTIONS = NO;
				ENABLE_STRICT_OBJC_MSGSEND = YES;
				GCC_C_LANGUAGE_STANDARD = gnu11;
				GCC_NO_COMMON_BLOCKS = YES;
				GCC_WARN_64_TO_32_BIT_CONVERSION = YES;
				GCC_WARN_ABOUT_RETURN_TYPE = YES_ERROR;
				GCC_WARN_UNDECLARED_SELECTOR = YES;
				GCC_WARN_UNINITIALIZED_AUTOS = YES_AGGRESSIVE;
				GCC_WARN_UNUSED_FUNCTION = YES;
				GCC_WARN_UNUSED_VARIABLE = YES;
				IPHONEOS_DEPLOYMENT_TARGET = 13.2;
				MTL_ENABLE_DEBUG_INFO = NO;
				MTL_FAST_MATH = YES;
				SDKROOT = iphoneos;
				SWIFT_COMPILATION_MODE = wholemodule;
				SWIFT_OPTIMIZATION_LEVEL = "-O";
				VALIDATE_PRODUCT = YES;
			};
			name = Release;
		};
		8C19EDAD238010A6008D5ECB /* Debug */ = {
			isa = XCBuildConfiguration;
			buildSettings = {
				ASSETCATALOG_COMPILER_APPICON_NAME = AppIcon;
				CODE_SIGN_STYLE = Automatic;
				DEVELOPMENT_TEAM = VNFY2URN36;
				INFOPLIST_FILE = "$(SRCROOT)/Lanimation/Supporting Files/Info.plist";
				IPHONEOS_DEPLOYMENT_TARGET = 13.0;
				LD_RUNPATH_SEARCH_PATHS = (
					"$(inherited)",
					"@executable_path/Frameworks",
				);
				PRODUCT_BUNDLE_IDENTIFIER = com.miguelalc.Lanimation;
				PRODUCT_NAME = "$(TARGET_NAME)";
				SWIFT_VERSION = 5.0;
				TARGETED_DEVICE_FAMILY = "1,2";
			};
			name = Debug;
		};
		8C19EDAE238010A6008D5ECB /* Release */ = {
			isa = XCBuildConfiguration;
			buildSettings = {
				ASSETCATALOG_COMPILER_APPICON_NAME = AppIcon;
				CODE_SIGN_STYLE = Automatic;
				DEVELOPMENT_TEAM = VNFY2URN36;
				INFOPLIST_FILE = "$(SRCROOT)/Lanimation/Supporting Files/Info.plist";
				IPHONEOS_DEPLOYMENT_TARGET = 13.0;
				LD_RUNPATH_SEARCH_PATHS = (
					"$(inherited)",
					"@executable_path/Frameworks",
				);
				PRODUCT_BUNDLE_IDENTIFIER = com.miguelalc.Lanimation;
				PRODUCT_NAME = "$(TARGET_NAME)";
				SWIFT_VERSION = 5.0;
				TARGETED_DEVICE_FAMILY = "1,2";
			};
			name = Release;
		};
/* End XCBuildConfiguration section */

/* Begin XCConfigurationList section */
		8C19ED93238010A3008D5ECB /* Build configuration list for PBXProject "Lanimation" */ = {
			isa = XCConfigurationList;
			buildConfigurations = (
				8C19EDAA238010A6008D5ECB /* Debug */,
				8C19EDAB238010A6008D5ECB /* Release */,
			);
			defaultConfigurationIsVisible = 0;
			defaultConfigurationName = Release;
		};
		8C19EDAC238010A6008D5ECB /* Build configuration list for PBXNativeTarget "Lanimation" */ = {
			isa = XCConfigurationList;
			buildConfigurations = (
				8C19EDAD238010A6008D5ECB /* Debug */,
				8C19EDAE238010A6008D5ECB /* Release */,
			);
			defaultConfigurationIsVisible = 0;
			defaultConfigurationName = Release;
		};
/* End XCConfigurationList section */
	};
	rootObject = 8C19ED90238010A3008D5ECB /* Project object */;
}
